
Microsoft Visual Studio Solution File, Format Version 12.00
# Visual Studio Version 16
VisualStudioVersion = 25.0.1706.12
MinimumVisualStudioVersion = 10.0.40219.1
Project("{FAE04EC0-301F-11D3-BF4B-00C04F79EFBC}") = "Mindbox", "Mindbox\Mindbox.csproj", "{3BAF53CA-8C0C-4013-993B-E163DB4003E3}"
EndProject
Project("{FAE04EC0-301F-11D3-BF4B-00C04F79EFBC}") = "Mindbox.Test", "Mindbox.Test\Mindbox.Test.csproj", "{DBBB0638-0495-4B96-9DD4-D40F7E1BA1B7}"
EndProject
Global
	GlobalSection(SolutionConfigurationPlatforms) = preSolution
		Debug|Any CPU = Debug|Any CPU
		Release|Any CPU = Release|Any CPU
	EndGlobalSection
	GlobalSection(ProjectConfigurationPlatforms) = postSolution
		{3BAF53CA-8C0C-4013-993B-E163DB4003E3}.Debug|Any CPU.ActiveCfg = Debug|Any CPU
		{3BAF53CA-8C0C-4013-993B-E163DB4003E3}.Debug|Any CPU.Build.0 = Debug|Any CPU
		{3BAF53CA-8C0C-4013-993B-E163DB4003E3}.Release|Any CPU.ActiveCfg = Release|Any CPU
		{3BAF53CA-8C0C-4013-993B-E163DB4003E3}.Release|Any CPU.Build.0 = Release|Any CPU
		{DBBB0638-0495-4B96-9DD4-D40F7E1BA1B7}.Debug|Any CPU.ActiveCfg = Debug|Any CPU
		{DBBB0638-0495-4B96-9DD4-D40F7E1BA1B7}.Debug|Any CPU.Build.0 = Debug|Any CPU
		{DBBB0638-0495-4B96-9DD4-D40F7E1BA1B7}.Release|Any CPU.ActiveCfg = Release|Any CPU
		{DBBB0638-0495-4B96-9DD4-D40F7E1BA1B7}.Release|Any CPU.Build.0 = Release|Any CPU
	EndGlobalSection
	GlobalSection(SolutionProperties) = preSolution
		HideSolutionNode = FALSE
	EndGlobalSection
	GlobalSection(ExtensibilityGlobals) = postSolution
		SolutionGuid = {24D660BC-D9A0-4B1F-879D-C7A166206F0E}
	EndGlobalSection
	GlobalSection(MonoDevelopProperties) = preSolution
		Policies = $0
		$0.TextStylePolicy = $1
		$1.FileWidth = 80
		$1.TabsToSpaces = True
		$1.scope = text/plain
	EndGlobalSection
EndGlobal
